
Microsoft Visual Studio Solution File, Format Version 12.00
# Visual Studio 2012
Project("{FAE04EC0-301F-11D3-BF4B-00C04F79EFBC}") = "TwitterDataCollection", "TwitterDataCollection\TwitterDataCollection.csproj", "{F5D4E917-B250-459B-8751-E7C819C6A8FD}"
EndProject
Project("{2150E333-8FDC-42A3-9474-1A3956D46DE8}") = "Solution Files", "Solution Files", "{09A4B653-29C4-467A-A1FE-BA74C0D70978}"
	ProjectSection(SolutionItems) = preProject
		packages\Twitterizer.r487.src\CommonAssemblyInfo.cs = packages\Twitterizer.r487.src\CommonAssemblyInfo.cs
		packages\Twitterizer.r487.src\CustomDictionary.xml = packages\Twitterizer.r487.src\CustomDictionary.xml
		packages\Twitterizer.r487.src\GettingStarted.txt = packages\Twitterizer.r487.src\GettingStarted.txt
	EndProjectSection
EndProject
Project("{2150E333-8FDC-42A3-9474-1A3956D46DE8}") = "Documentation", "Documentation", "{0069E24B-470C-43E4-A6D0-536D3A6A1E6F}"
	ProjectSection(SolutionItems) = preProject
		packages\Twitterizer.r487.src\XML Documentation\Desktop Authorization.aml = packages\Twitterizer.r487.src\XML Documentation\Desktop Authorization.aml
		packages\Twitterizer.r487.src\XML Documentation\OAuth.aml = packages\Twitterizer.r487.src\XML Documentation\OAuth.aml
		packages\Twitterizer.r487.src\XML Documentation\Troubleshooting.aml = packages\Twitterizer.r487.src\XML Documentation\Troubleshooting.aml
		packages\Twitterizer.r487.src\XML Documentation\Twitterizer2.content = packages\Twitterizer.r487.src\XML Documentation\Twitterizer2.content
		packages\Twitterizer.r487.src\XML Documentation\Web Authorization.aml = packages\Twitterizer.r487.src\XML Documentation\Web Authorization.aml
		packages\Twitterizer.r487.src\XML Documentation\WelcomeTopic.aml = packages\Twitterizer.r487.src\XML Documentation\WelcomeTopic.aml
	EndProjectSection
EndProject
Project("{FAE04EC0-301F-11D3-BF4B-00C04F79EFBC}") = "Twitterizer2", "packages\Twitterizer.r487.src\Twitterizer2\Twitterizer2.csproj", "{2FDC3492-6B9E-4771-9755-7892C9CB1E96}"
EndProject
Project("{FAE04EC0-301F-11D3-BF4B-00C04F79EFBC}") = "Twitterizer2.Streaming", "packages\Twitterizer.r487.src\Twitterizer2.Streaming\Twitterizer2.Streaming.csproj", "{AFDC57ED-C013-4581-9D06-54D8A42D696D}"
EndProject
Project("{FAE04EC0-301F-11D3-BF4B-00C04F79EFBC}") = "Twitterizer2.Async", "packages\Twitterizer.r487.src\Twitterizer2.Async\Twitterizer2.Async.csproj", "{566E5F16-088A-4AB5-967A-A05BA636AF75}"
EndProject
Project("{2150E333-8FDC-42A3-9474-1A3956D46DE8}") = "Addon Assemblies", "Addon Assemblies", "{5AE22138-EA40-48EF-AC38-6370D7F1F9E1}"
EndProject
Project("{FAE04EC0-301F-11D3-BF4B-00C04F79EFBC}") = "Twitterizer2.Streaming.Silverlight", "packages\Twitterizer.r487.src\Twitterizer2.Streaming.Silverlight\Twitterizer2.Streaming.Silverlight.csproj", "{1709C1AA-00A0-434A-A53C-DF2BA3BCCA91}"
EndProject
Project("{FAE04EC0-301F-11D3-BF4B-00C04F79EFBC}") = "Twitterizer2.Async.Silverlight", "packages\Twitterizer.r487.src\Twitterizer2.Async.Silverlight\Twitterizer2.Async.Silverlight.csproj", "{764B161E-BC98-4C48-A2D7-89AF92D467B9}"
EndProject
Global
	GlobalSection(SolutionConfigurationPlatforms) = preSolution
		CCNET|Any CPU = CCNET|Any CPU
		CCNET|Mixed Platforms = CCNET|Mixed Platforms
		CCNET|x86 = CCNET|x86
		CCNET|x86-Only = CCNET|x86-Only
		Debug|Any CPU = Debug|Any CPU
		Debug|Mixed Platforms = Debug|Mixed Platforms
		Debug|x86 = Debug|x86
		Debug|x86-Only = Debug|x86-Only
		Mono-Debug|Any CPU = Mono-Debug|Any CPU
		Mono-Debug|Mixed Platforms = Mono-Debug|Mixed Platforms
		Mono-Debug|x86 = Mono-Debug|x86
		Mono-Debug|x86-Only = Mono-Debug|x86-Only
		Mono-Release|Any CPU = Mono-Release|Any CPU
		Mono-Release|Mixed Platforms = Mono-Release|Mixed Platforms
		Mono-Release|x86 = Mono-Release|x86
		Mono-Release|x86-Only = Mono-Release|x86-Only
		Release|Any CPU = Release|Any CPU
		Release|Mixed Platforms = Release|Mixed Platforms
		Release|x86 = Release|x86
		Release|x86-Only = Release|x86-Only
	EndGlobalSection
	GlobalSection(ProjectConfigurationPlatforms) = postSolution
		{F5D4E917-B250-459B-8751-E7C819C6A8FD}.CCNET|Any CPU.ActiveCfg = Release|x86
		{F5D4E917-B250-459B-8751-E7C819C6A8FD}.CCNET|Mixed Platforms.ActiveCfg = Release|x86
		{F5D4E917-B250-459B-8751-E7C819C6A8FD}.CCNET|Mixed Platforms.Build.0 = Release|x86
		{F5D4E917-B250-459B-8751-E7C819C6A8FD}.CCNET|x86.ActiveCfg = Release|x86
		{F5D4E917-B250-459B-8751-E7C819C6A8FD}.CCNET|x86.Build.0 = Release|x86
		{F5D4E917-B250-459B-8751-E7C819C6A8FD}.CCNET|x86-Only.ActiveCfg = Release|x86
		{F5D4E917-B250-459B-8751-E7C819C6A8FD}.Debug|Any CPU.ActiveCfg = Debug|x86
		{F5D4E917-B250-459B-8751-E7C819C6A8FD}.Debug|Mixed Platforms.ActiveCfg = Debug|x86
		{F5D4E917-B250-459B-8751-E7C819C6A8FD}.Debug|Mixed Platforms.Build.0 = Debug|x86
		{F5D4E917-B250-459B-8751-E7C819C6A8FD}.Debug|x86.ActiveCfg = Debug|x86
		{F5D4E917-B250-459B-8751-E7C819C6A8FD}.Debug|x86.Build.0 = Debug|x86
		{F5D4E917-B250-459B-8751-E7C819C6A8FD}.Debug|x86-Only.ActiveCfg = Debug|x86
		{F5D4E917-B250-459B-8751-E7C819C6A8FD}.Mono-Debug|Any CPU.ActiveCfg = Debug|x86
		{F5D4E917-B250-459B-8751-E7C819C6A8FD}.Mono-Debug|Mixed Platforms.ActiveCfg = Debug|x86
		{F5D4E917-B250-459B-8751-E7C819C6A8FD}.Mono-Debug|Mixed Platforms.Build.0 = Debug|x86
		{F5D4E917-B250-459B-8751-E7C819C6A8FD}.Mono-Debug|x86.ActiveCfg = Debug|x86
		{F5D4E917-B250-459B-8751-E7C819C6A8FD}.Mono-Debug|x86.Build.0 = Debug|x86
		{F5D4E917-B250-459B-8751-E7C819C6A8FD}.Mono-Debug|x86-Only.ActiveCfg = Debug|x86
		{F5D4E917-B250-459B-8751-E7C819C6A8FD}.Mono-Release|Any CPU.ActiveCfg = Release|x86
		{F5D4E917-B250-459B-8751-E7C819C6A8FD}.Mono-Release|Mixed Platforms.ActiveCfg = Release|x86
		{F5D4E917-B250-459B-8751-E7C819C6A8FD}.Mono-Release|Mixed Platforms.Build.0 = Release|x86
		{F5D4E917-B250-459B-8751-E7C819C6A8FD}.Mono-Release|x86.ActiveCfg = Release|x86
		{F5D4E917-B250-459B-8751-E7C819C6A8FD}.Mono-Release|x86.Build.0 = Release|x86
		{F5D4E917-B250-459B-8751-E7C819C6A8FD}.Mono-Release|x86-Only.ActiveCfg = Release|x86
		{F5D4E917-B250-459B-8751-E7C819C6A8FD}.Release|Any CPU.ActiveCfg = Release|x86
		{F5D4E917-B250-459B-8751-E7C819C6A8FD}.Release|Mixed Platforms.ActiveCfg = Release|x86
		{F5D4E917-B250-459B-8751-E7C819C6A8FD}.Release|Mixed Platforms.Build.0 = Release|x86
		{F5D4E917-B250-459B-8751-E7C819C6A8FD}.Release|x86.ActiveCfg = Release|x86
		{F5D4E917-B250-459B-8751-E7C819C6A8FD}.Release|x86.Build.0 = Release|x86
		{F5D4E917-B250-459B-8751-E7C819C6A8FD}.Release|x86-Only.ActiveCfg = Release|x86
		{2FDC3492-6B9E-4771-9755-7892C9CB1E96}.CCNET|Any CPU.ActiveCfg = CCNET|Any CPU
		{2FDC3492-6B9E-4771-9755-7892C9CB1E96}.CCNET|Any CPU.Build.0 = CCNET|Any CPU
		{2FDC3492-6B9E-4771-9755-7892C9CB1E96}.CCNET|Mixed Platforms.ActiveCfg = CCNET|Any CPU
		{2FDC3492-6B9E-4771-9755-7892C9CB1E96}.CCNET|Mixed Platforms.Build.0 = CCNET|Any CPU
		{2FDC3492-6B9E-4771-9755-7892C9CB1E96}.CCNET|x86.ActiveCfg = CCNET|Any CPU
		{2FDC3492-6B9E-4771-9755-7892C9CB1E96}.CCNET|x86-Only.ActiveCfg = CCNET|Any CPU
		{2FDC3492-6B9E-4771-9755-7892C9CB1E96}.Debug|Any CPU.ActiveCfg = Debug|Any CPU
		{2FDC3492-6B9E-4771-9755-7892C9CB1E96}.Debug|Any CPU.Build.0 = Debug|Any CPU
		{2FDC3492-6B9E-4771-9755-7892C9CB1E96}.Debug|Mixed Platforms.ActiveCfg = Debug|Any CPU
		{2FDC3492-6B9E-4771-9755-7892C9CB1E96}.Debug|Mixed Platforms.Build.0 = Debug|Any CPU
		{2FDC3492-6B9E-4771-9755-7892C9CB1E96}.Debug|x86.ActiveCfg = Debug|Any CPU
		{2FDC3492-6B9E-4771-9755-7892C9CB1E96}.Debug|x86-Only.ActiveCfg = Debug|Any CPU
		{2FDC3492-6B9E-4771-9755-7892C9CB1E96}.Mono-Debug|Any CPU.ActiveCfg = Mono-Debug|Any CPU
		{2FDC3492-6B9E-4771-9755-7892C9CB1E96}.Mono-Debug|Any CPU.Build.0 = Mono-Debug|Any CPU
		{2FDC3492-6B9E-4771-9755-7892C9CB1E96}.Mono-Debug|Mixed Platforms.ActiveCfg = Mono-Debug|Any CPU
		{2FDC3492-6B9E-4771-9755-7892C9CB1E96}.Mono-Debug|Mixed Platforms.Build.0 = Mono-Debug|Any CPU
		{2FDC3492-6B9E-4771-9755-7892C9CB1E96}.Mono-Debug|x86.ActiveCfg = Mono-Debug|Any CPU
		{2FDC3492-6B9E-4771-9755-7892C9CB1E96}.Mono-Debug|x86-Only.ActiveCfg = Mono-Debug|Any CPU
		{2FDC3492-6B9E-4771-9755-7892C9CB1E96}.Mono-Release|Any CPU.ActiveCfg = Mono-Release|Any CPU
		{2FDC3492-6B9E-4771-9755-7892C9CB1E96}.Mono-Release|Any CPU.Build.0 = Mono-Release|Any CPU
		{2FDC3492-6B9E-4771-9755-7892C9CB1E96}.Mono-Release|Mixed Platforms.ActiveCfg = Mono-Release|Any CPU
		{2FDC3492-6B9E-4771-9755-7892C9CB1E96}.Mono-Release|Mixed Platforms.Build.0 = Mono-Release|Any CPU
		{2FDC3492-6B9E-4771-9755-7892C9CB1E96}.Mono-Release|x86.ActiveCfg = Mono-Release|Any CPU
		{2FDC3492-6B9E-4771-9755-7892C9CB1E96}.Mono-Release|x86-Only.ActiveCfg = Mono-Release|Any CPU
		{2FDC3492-6B9E-4771-9755-7892C9CB1E96}.Release|Any CPU.ActiveCfg = Release|Any CPU
		{2FDC3492-6B9E-4771-9755-7892C9CB1E96}.Release|Any CPU.Build.0 = Release|Any CPU
		{2FDC3492-6B9E-4771-9755-7892C9CB1E96}.Release|Mixed Platforms.ActiveCfg = Release|Any CPU
		{2FDC3492-6B9E-4771-9755-7892C9CB1E96}.Release|Mixed Platforms.Build.0 = Release|Any CPU
		{2FDC3492-6B9E-4771-9755-7892C9CB1E96}.Release|x86.ActiveCfg = Release|Any CPU
		{2FDC3492-6B9E-4771-9755-7892C9CB1E96}.Release|x86-Only.ActiveCfg = Release|Any CPU
		{AFDC57ED-C013-4581-9D06-54D8A42D696D}.CCNET|Any CPU.ActiveCfg = Release|Any CPU
		{AFDC57ED-C013-4581-9D06-54D8A42D696D}.CCNET|Any CPU.Build.0 = Release|Any CPU
		{AFDC57ED-C013-4581-9D06-54D8A42D696D}.CCNET|Mixed Platforms.ActiveCfg = Release|Any CPU
		{AFDC57ED-C013-4581-9D06-54D8A42D696D}.CCNET|Mixed Platforms.Build.0 = Release|Any CPU
		{AFDC57ED-C013-4581-9D06-54D8A42D696D}.CCNET|x86.ActiveCfg = Release|Any CPU
		{AFDC57ED-C013-4581-9D06-54D8A42D696D}.CCNET|x86-Only.ActiveCfg = Release|Any CPU
		{AFDC57ED-C013-4581-9D06-54D8A42D696D}.Debug|Any CPU.ActiveCfg = Debug|Any CPU
		{AFDC57ED-C013-4581-9D06-54D8A42D696D}.Debug|Any CPU.Build.0 = Debug|Any CPU
		{AFDC57ED-C013-4581-9D06-54D8A42D696D}.Debug|Mixed Platforms.ActiveCfg = Debug|Any CPU
		{AFDC57ED-C013-4581-9D06-54D8A42D696D}.Debug|Mixed Platforms.Build.0 = Debug|Any CPU
		{AFDC57ED-C013-4581-9D06-54D8A42D696D}.Debug|x86.ActiveCfg = Debug|Any CPU
		{AFDC57ED-C013-4581-9D06-54D8A42D696D}.Debug|x86-Only.ActiveCfg = Debug|Any CPU
		{AFDC57ED-C013-4581-9D06-54D8A42D696D}.Mono-Debug|Any CPU.ActiveCfg = Debug|Any CPU
		{AFDC57ED-C013-4581-9D06-54D8A42D696D}.Mono-Debug|Any CPU.Build.0 = Debug|Any CPU
		{AFDC57ED-C013-4581-9D06-54D8A42D696D}.Mono-Debug|Mixed Platforms.ActiveCfg = Debug|Any CPU
		{AFDC57ED-C013-4581-9D06-54D8A42D696D}.Mono-Debug|Mixed Platforms.Build.0 = Debug|Any CPU
		{AFDC57ED-C013-4581-9D06-54D8A42D696D}.Mono-Debug|x86.ActiveCfg = Debug|Any CPU
		{AFDC57ED-C013-4581-9D06-54D8A42D696D}.Mono-Debug|x86-Only.ActiveCfg = Debug|Any CPU
		{AFDC57ED-C013-4581-9D06-54D8A42D696D}.Mono-Release|Any CPU.ActiveCfg = Release|Any CPU
		{AFDC57ED-C013-4581-9D06-54D8A42D696D}.Mono-Release|Any CPU.Build.0 = Release|Any CPU
		{AFDC57ED-C013-4581-9D06-54D8A42D696D}.Mono-Release|Mixed Platforms.ActiveCfg = Release|Any CPU
		{AFDC57ED-C013-4581-9D06-54D8A42D696D}.Mono-Release|Mixed Platforms.Build.0 = Release|Any CPU
		{AFDC57ED-C013-4581-9D06-54D8A42D696D}.Mono-Release|x86.ActiveCfg = Release|Any CPU
		{AFDC57ED-C013-4581-9D06-54D8A42D696D}.Mono-Release|x86-Only.ActiveCfg = Release|Any CPU
		{AFDC57ED-C013-4581-9D06-54D8A42D696D}.Release|Any CPU.ActiveCfg = Release|Any CPU
		{AFDC57ED-C013-4581-9D06-54D8A42D696D}.Release|Any CPU.Build.0 = Release|Any CPU
		{AFDC57ED-C013-4581-9D06-54D8A42D696D}.Release|Mixed Platforms.ActiveCfg = Release|Any CPU
		{AFDC57ED-C013-4581-9D06-54D8A42D696D}.Release|Mixed Platforms.Build.0 = Release|Any CPU
		{AFDC57ED-C013-4581-9D06-54D8A42D696D}.Release|x86.ActiveCfg = Release|Any CPU
		{AFDC57ED-C013-4581-9D06-54D8A42D696D}.Release|x86-Only.ActiveCfg = Release|Any CPU
		{566E5F16-088A-4AB5-967A-A05BA636AF75}.CCNET|Any CPU.ActiveCfg = Release|Any CPU
		{566E5F16-088A-4AB5-967A-A05BA636AF75}.CCNET|Any CPU.Build.0 = Release|Any CPU
		{566E5F16-088A-4AB5-967A-A05BA636AF75}.CCNET|Mixed Platforms.ActiveCfg = Release|Any CPU
		{566E5F16-088A-4AB5-967A-A05BA636AF75}.CCNET|Mixed Platforms.Build.0 = Release|Any CPU
		{566E5F16-088A-4AB5-967A-A05BA636AF75}.CCNET|x86.ActiveCfg = Release|Any CPU
		{566E5F16-088A-4AB5-967A-A05BA636AF75}.CCNET|x86-Only.ActiveCfg = Release|Any CPU
		{566E5F16-088A-4AB5-967A-A05BA636AF75}.Debug|Any CPU.ActiveCfg = Debug|Any CPU
		{566E5F16-088A-4AB5-967A-A05BA636AF75}.Debug|Any CPU.Build.0 = Debug|Any CPU
		{566E5F16-088A-4AB5-967A-A05BA636AF75}.Debug|Mixed Platforms.ActiveCfg = Debug|Any CPU
		{566E5F16-088A-4AB5-967A-A05BA636AF75}.Debug|Mixed Platforms.Build.0 = Debug|Any CPU
		{566E5F16-088A-4AB5-967A-A05BA636AF75}.Debug|x86.ActiveCfg = Debug|Any CPU
		{566E5F16-088A-4AB5-967A-A05BA636AF75}.Debug|x86-Only.ActiveCfg = Debug|Any CPU
		{566E5F16-088A-4AB5-967A-A05BA636AF75}.Mono-Debug|Any CPU.ActiveCfg = Debug|Any CPU
		{566E5F16-088A-4AB5-967A-A05BA636AF75}.Mono-Debug|Any CPU.Build.0 = Debug|Any CPU
		{566E5F16-088A-4AB5-967A-A05BA636AF75}.Mono-Debug|Mixed Platforms.ActiveCfg = Debug|Any CPU
		{566E5F16-088A-4AB5-967A-A05BA636AF75}.Mono-Debug|Mixed Platforms.Build.0 = Debug|Any CPU
		{566E5F16-088A-4AB5-967A-A05BA636AF75}.Mono-Debug|x86.ActiveCfg = Debug|Any CPU
		{566E5F16-088A-4AB5-967A-A05BA636AF75}.Mono-Debug|x86-Only.ActiveCfg = Debug|Any CPU
		{566E5F16-088A-4AB5-967A-A05BA636AF75}.Mono-Release|Any CPU.ActiveCfg = Release|Any CPU
		{566E5F16-088A-4AB5-967A-A05BA636AF75}.Mono-Release|Any CPU.Build.0 = Release|Any CPU
		{566E5F16-088A-4AB5-967A-A05BA636AF75}.Mono-Release|Mixed Platforms.ActiveCfg = Release|Any CPU
		{566E5F16-088A-4AB5-967A-A05BA636AF75}.Mono-Release|Mixed Platforms.Build.0 = Release|Any CPU
		{566E5F16-088A-4AB5-967A-A05BA636AF75}.Mono-Release|x86.ActiveCfg = Release|Any CPU
		{566E5F16-088A-4AB5-967A-A05BA636AF75}.Mono-Release|x86-Only.ActiveCfg = Release|Any CPU
		{566E5F16-088A-4AB5-967A-A05BA636AF75}.Release|Any CPU.ActiveCfg = Release|Any CPU
		{566E5F16-088A-4AB5-967A-A05BA636AF75}.Release|Any CPU.Build.0 = Release|Any CPU
		{566E5F16-088A-4AB5-967A-A05BA636AF75}.Release|Mixed Platforms.ActiveCfg = Release|Any CPU
		{566E5F16-088A-4AB5-967A-A05BA636AF75}.Release|Mixed Platforms.Build.0 = Release|Any CPU
		{566E5F16-088A-4AB5-967A-A05BA636AF75}.Release|x86.ActiveCfg = Release|Any CPU
		{566E5F16-088A-4AB5-967A-A05BA636AF75}.Release|x86-Only.ActiveCfg = Release|Any CPU
		{1709C1AA-00A0-434A-A53C-DF2BA3BCCA91}.CCNET|Any CPU.ActiveCfg = Release|Any CPU
		{1709C1AA-00A0-434A-A53C-DF2BA3BCCA91}.CCNET|Any CPU.Build.0 = Release|Any CPU
		{1709C1AA-00A0-434A-A53C-DF2BA3BCCA91}.CCNET|Mixed Platforms.ActiveCfg = Release|Any CPU
		{1709C1AA-00A0-434A-A53C-DF2BA3BCCA91}.CCNET|Mixed Platforms.Build.0 = Release|Any CPU
		{1709C1AA-00A0-434A-A53C-DF2BA3BCCA91}.CCNET|x86.ActiveCfg = Release|Any CPU
		{1709C1AA-00A0-434A-A53C-DF2BA3BCCA91}.CCNET|x86-Only.ActiveCfg = Release|Any CPU
		{1709C1AA-00A0-434A-A53C-DF2BA3BCCA91}.Debug|Any CPU.ActiveCfg = Debug|Any CPU
		{1709C1AA-00A0-434A-A53C-DF2BA3BCCA91}.Debug|Any CPU.Build.0 = Debug|Any CPU
		{1709C1AA-00A0-434A-A53C-DF2BA3BCCA91}.Debug|Mixed Platforms.ActiveCfg = Debug|Any CPU
		{1709C1AA-00A0-434A-A53C-DF2BA3BCCA91}.Debug|Mixed Platforms.Build.0 = Debug|Any CPU
		{1709C1AA-00A0-434A-A53C-DF2BA3BCCA91}.Debug|x86.ActiveCfg = Debug|Any CPU
		{1709C1AA-00A0-434A-A53C-DF2BA3BCCA91}.Debug|x86-Only.ActiveCfg = Debug|Any CPU
		{1709C1AA-00A0-434A-A53C-DF2BA3BCCA91}.Mono-Debug|Any CPU.ActiveCfg = Debug|Any CPU
		{1709C1AA-00A0-434A-A53C-DF2BA3BCCA91}.Mono-Debug|Any CPU.Build.0 = Debug|Any CPU
		{1709C1AA-00A0-434A-A53C-DF2BA3BCCA91}.Mono-Debug|Mixed Platforms.ActiveCfg = Debug|Any CPU
		{1709C1AA-00A0-434A-A53C-DF2BA3BCCA91}.Mono-Debug|Mixed Platforms.Build.0 = Debug|Any CPU
		{1709C1AA-00A0-434A-A53C-DF2BA3BCCA91}.Mono-Debug|x86.ActiveCfg = Debug|Any CPU
		{1709C1AA-00A0-434A-A53C-DF2BA3BCCA91}.Mono-Debug|x86-Only.ActiveCfg = Debug|Any CPU
		{1709C1AA-00A0-434A-A53C-DF2BA3BCCA91}.Mono-Release|Any CPU.ActiveCfg = Release|Any CPU
		{1709C1AA-00A0-434A-A53C-DF2BA3BCCA91}.Mono-Release|Any CPU.Build.0 = Release|Any CPU
		{1709C1AA-00A0-434A-A53C-DF2BA3BCCA91}.Mono-Release|Mixed Platforms.ActiveCfg = Release|Any CPU
		{1709C1AA-00A0-434A-A53C-DF2BA3BCCA91}.Mono-Release|Mixed Platforms.Build.0 = Release|Any CPU
		{1709C1AA-00A0-434A-A53C-DF2BA3BCCA91}.Mono-Release|x86.ActiveCfg = Release|Any CPU
		{1709C1AA-00A0-434A-A53C-DF2BA3BCCA91}.Mono-Release|x86-Only.ActiveCfg = Release|Any CPU
		{1709C1AA-00A0-434A-A53C-DF2BA3BCCA91}.Release|Any CPU.ActiveCfg = Release|Any CPU
		{1709C1AA-00A0-434A-A53C-DF2BA3BCCA91}.Release|Any CPU.Build.0 = Release|Any CPU
		{1709C1AA-00A0-434A-A53C-DF2BA3BCCA91}.Release|Mixed Platforms.ActiveCfg = Release|Any CPU
		{1709C1AA-00A0-434A-A53C-DF2BA3BCCA91}.Release|Mixed Platforms.Build.0 = Release|Any CPU
		{1709C1AA-00A0-434A-A53C-DF2BA3BCCA91}.Release|x86.ActiveCfg = Release|Any CPU
		{1709C1AA-00A0-434A-A53C-DF2BA3BCCA91}.Release|x86-Only.ActiveCfg = Release|Any CPU
		{764B161E-BC98-4C48-A2D7-89AF92D467B9}.CCNET|Any CPU.ActiveCfg = Release|Any CPU
		{764B161E-BC98-4C48-A2D7-89AF92D467B9}.CCNET|Any CPU.Build.0 = Release|Any CPU
		{764B161E-BC98-4C48-A2D7-89AF92D467B9}.CCNET|Mixed Platforms.ActiveCfg = Release|Any CPU
		{764B161E-BC98-4C48-A2D7-89AF92D467B9}.CCNET|Mixed Platforms.Build.0 = Release|Any CPU
		{764B161E-BC98-4C48-A2D7-89AF92D467B9}.CCNET|x86.ActiveCfg = Release|Any CPU
		{764B161E-BC98-4C48-A2D7-89AF92D467B9}.CCNET|x86-Only.ActiveCfg = Release|Any CPU
		{764B161E-BC98-4C48-A2D7-89AF92D467B9}.Debug|Any CPU.ActiveCfg = Debug|Any CPU
		{764B161E-BC98-4C48-A2D7-89AF92D467B9}.Debug|Any CPU.Build.0 = Debug|Any CPU
		{764B161E-BC98-4C48-A2D7-89AF92D467B9}.Debug|Mixed Platforms.ActiveCfg = Debug|Any CPU
		{764B161E-BC98-4C48-A2D7-89AF92D467B9}.Debug|Mixed Platforms.Build.0 = Debug|Any CPU
		{764B161E-BC98-4C48-A2D7-89AF92D467B9}.Debug|x86.ActiveCfg = Debug|Any CPU
		{764B161E-BC98-4C48-A2D7-89AF92D467B9}.Debug|x86-Only.ActiveCfg = Debug|Any CPU
		{764B161E-BC98-4C48-A2D7-89AF92D467B9}.Mono-Debug|Any CPU.ActiveCfg = Debug|Any CPU
		{764B161E-BC98-4C48-A2D7-89AF92D467B9}.Mono-Debug|Any CPU.Build.0 = Debug|Any CPU
		{764B161E-BC98-4C48-A2D7-89AF92D467B9}.Mono-Debug|Mixed Platforms.ActiveCfg = Debug|Any CPU
		{764B161E-BC98-4C48-A2D7-89AF92D467B9}.Mono-Debug|Mixed Platforms.Build.0 = Debug|Any CPU
		{764B161E-BC98-4C48-A2D7-89AF92D467B9}.Mono-Debug|x86.ActiveCfg = Debug|Any CPU
		{764B161E-BC98-4C48-A2D7-89AF92D467B9}.Mono-Debug|x86-Only.ActiveCfg = Debug|Any CPU
		{764B161E-BC98-4C48-A2D7-89AF92D467B9}.Mono-Release|Any CPU.ActiveCfg = Release|Any CPU
		{764B161E-BC98-4C48-A2D7-89AF92D467B9}.Mono-Release|Any CPU.Build.0 = Release|Any CPU
		{764B161E-BC98-4C48-A2D7-89AF92D467B9}.Mono-Release|Mixed Platforms.ActiveCfg = Release|Any CPU
		{764B161E-BC98-4C48-A2D7-89AF92D467B9}.Mono-Release|Mixed Platforms.Build.0 = Release|Any CPU
		{764B161E-BC98-4C48-A2D7-89AF92D467B9}.Mono-Release|x86.ActiveCfg = Release|Any CPU
		{764B161E-BC98-4C48-A2D7-89AF92D467B9}.Mono-Release|x86-Only.ActiveCfg = Release|Any CPU
		{764B161E-BC98-4C48-A2D7-89AF92D467B9}.Release|Any CPU.ActiveCfg = Release|Any CPU
		{764B161E-BC98-4C48-A2D7-89AF92D467B9}.Release|Any CPU.Build.0 = Release|Any CPU
		{764B161E-BC98-4C48-A2D7-89AF92D467B9}.Release|Mixed Platforms.ActiveCfg = Release|Any CPU
		{764B161E-BC98-4C48-A2D7-89AF92D467B9}.Release|Mixed Platforms.Build.0 = Release|Any CPU
		{764B161E-BC98-4C48-A2D7-89AF92D467B9}.Release|x86.ActiveCfg = Release|Any CPU
		{764B161E-BC98-4C48-A2D7-89AF92D467B9}.Release|x86-Only.ActiveCfg = Release|Any CPU
	EndGlobalSection
	GlobalSection(SolutionProperties) = preSolution
		HideSolutionNode = FALSE
	EndGlobalSection
	GlobalSection(NestedProjects) = preSolution
		{566E5F16-088A-4AB5-967A-A05BA636AF75} = {5AE22138-EA40-48EF-AC38-6370D7F1F9E1}
		{AFDC57ED-C013-4581-9D06-54D8A42D696D} = {5AE22138-EA40-48EF-AC38-6370D7F1F9E1}
		{1709C1AA-00A0-434A-A53C-DF2BA3BCCA91} = {5AE22138-EA40-48EF-AC38-6370D7F1F9E1}
		{764B161E-BC98-4C48-A2D7-89AF92D467B9} = {5AE22138-EA40-48EF-AC38-6370D7F1F9E1}
	EndGlobalSection
EndGlobal
